<?xml version="1.0" encoding="UTF-8" standalone="yes" ?>
<CodeBlocks_project_file>
   <FileVersion major="1" minor="6" />
   <Project>
      <Option title="gtest" />
      <Option makefile_is_custom="1" />
      <Option compiler="gcc" />
      <Option virtualFolders="CMake Files\;CMake Files\..\;CMake Files\..\..\;CMake Files\..\..\..\;CMake Files\..\..\..\..\;CMake Files\..\..\..\..\..\;CMake Files\..\..\..\..\..\usr\;CMake Files\..\..\..\..\..\usr\src\;CMake Files\..\..\..\..\..\usr\src\gtest\;CMake Files\..\..\..\..\..\usr\src\gtest\cmake\;CMake Files\..\..\..\..\..\usr\share\;CMake Files\..\..\..\..\..\usr\share\catkin\;CMake Files\..\..\..\..\..\usr\share\catkin\cmake\;CMake Files\..\..\..\..\..\usr\share\catkin\cmake\platform\;CMake Files\..\..\..\..\..\usr\share\catkin\cmake\test\;CMake Files\..\..\..\..\..\usr\share\catkin\cmake\tools\;CMake Files\..\..\..\..\..\usr\share\catkin\cmake\..\;CMake Files\..\..\..\..\..\usr\share\catkin\cmake\templates\;CMake Files\..\..\..\..\..\usr\share\catkin\cmake\em\;CMake Files\..\..\..\..\..\usr\share\roscpp\;CMake Files\..\..\..\..\..\usr\share\roscpp\cmake\;CMake Files\..\..\..\..\..\usr\share\cpp_common\;CMake Files\..\..\..\..\..\usr\share\cpp_common\cmake\;CMake Files\..\..\..\..\..\usr\share\message_runtime\;CMake Files\..\..\..\..\..\usr\share\message_runtime\cmake\;CMake Files\..\..\..\..\..\usr\share\roscpp_serialization\;CMake Files\..\..\..\..\..\usr\share\roscpp_serialization\cmake\;CMake Files\..\..\..\..\..\usr\share\roscpp_traits\;CMake Files\..\..\..\..\..\usr\share\roscpp_traits\cmake\;CMake Files\..\..\..\..\..\usr\share\rostime\;CMake Files\..\..\..\..\..\usr\share\rostime\cmake\;CMake Files\..\..\..\..\..\usr\share\rosconsole\;CMake Files\..\..\..\..\..\usr\share\rosconsole\cmake\;CMake Files\..\..\..\..\..\usr\share\rosgraph_msgs\;CMake Files\..\..\..\..\..\usr\share\rosgraph_msgs\cmake\;CMake Files\..\..\..\..\..\usr\share\std_msgs\;CMake Files\..\..\..\..\..\usr\share\std_msgs\cmake\;CMake Files\..\..\..\..\..\usr\share\xmlrpcpp\;CMake Files\..\..\..\..\..\usr\share\xmlrpcpp\cmake\;CMake Files\..\..\..\..\..\usr\share\trajectory_msgs\;CMake Files\..\..\..\..\..\usr\share\trajectory_msgs\cmake\;CMake Files\..\..\..\..\..\usr\share\geometry_msgs\;CMake Files\..\..\..\..\..\usr\share\geometry_msgs\cmake\;CMake Files\..\..\..\..\..\usr\share\message_generation\;CMake Files\..\..\..\..\..\usr\share\message_generation\cmake\;CMake Files\..\..\..\..\..\usr\share\gencpp\;CMake Files\..\..\..\..\..\usr\share\gencpp\cmake\;CMake Files\..\..\..\..\..\usr\share\genmsg\;CMake Files\..\..\..\..\..\usr\share\genmsg\cmake\;CMake Files\..\..\..\..\..\usr\share\genlisp\;CMake Files\..\..\..\..\..\usr\share\genlisp\cmake\;CMake Files\..\..\..\..\..\usr\share\genpy\;CMake Files\..\..\..\..\..\usr\share\genpy\cmake\;CMake Files\..\..\..\..\..\usr\share\ompl\;CMake Files\..\kautham-build\;CMake Files\..\kautham-build\catkin\;CMake Files\..\kautham-build\catkin\catkin_generated\;CMake Files\..\kautham-build\catkin\catkin_generated\version\;CMake Files\..\kautham-build\catkin_generated\;CMake Files\..\kautham-build\catkin_generated\installspace\;CMake Files\..\kautham-build\devel\;CMake Files\..\kautham-build\devel\share\;CMake Files\..\kautham-build\devel\share\kautham\;CMake Files\..\kautham-build\devel\share\kautham\cmake\;CMake Files\..\kautham-build\cmake\;CMake Files\CMakeModules\;CMake Files\src\;CMake Files\src\util\;CMake Files\src\util\libkin\;CMake Files\src\util\kthutil\;CMake Files\src\external\;CMake Files\src\external\gdiam\;CMake Files\src\external\pqp\;CMake Files\src\planner\;CMake Files\src\planner\ioc\;CMake Files\src\problem\;CMake Files\src\sampling\;CMake Files\apps\;CMake Files\apps\viewer\;CMake Files\apps\graphical\;CMake Files\apps\bitransfer\;CMake Files\apps\console\;CMake Files\apps\ros\;" />
      <Build>
      <Target title="all">
         <Option working_dir="/home/fernando/catkin_ws/src/kautham-build/gtest" />
         <Option type="4" />
         <MakeCommands>
            <Build command="/usr/bin/make -f &quot;/home/fernando/catkin_ws/src/kautham-build/gtest/Makefile&quot;  VERBOSE=1 all" />
            <CompileFile command="/usr/bin/make -f &quot;/home/fernando/catkin_ws/src/kautham-build/gtest/Makefile&quot;  VERBOSE=1 &quot;$file&quot;" />
            <Clean command="/usr/bin/make -f &quot;/home/fernando/catkin_ws/src/kautham-build/gtest/Makefile&quot;  VERBOSE=1 clean" />
            <DistClean command="/usr/bin/make -f &quot;/home/fernando/catkin_ws/src/kautham-build/gtest/Makefile&quot;  VERBOSE=1 clean" />
         </MakeCommands>
      </Target>
      <Target title="gtest">
         <Option output="/home/fernando/catkin_ws/src/kautham-build/gtest/libgtest.so" prefix_auto="0" extension_auto="0" />
         <Option working_dir="/home/fernando/catkin_ws/src/kautham-build/gtest" />
         <Option object_output="./" />
         <Option type="3" />
         <Option compiler="gcc" />
         <Compiler>
            <Add option="-DGTEST_CREATE_SHARED_LIBRARY=1" />
            <Add directory="/usr/include" />
            <Add directory="/usr/include/c++/4.9" />
            <Add directory="/usr/include/c++/4.9/backward" />
            <Add directory="/usr/include/x86_64-linux-gnu" />
            <Add directory="/usr/include/x86_64-linux-gnu/c++/4.9" />
            <Add directory="/usr/lib/gcc/x86_64-linux-gnu/4.9/include" />
            <Add directory="/usr/lib/gcc/x86_64-linux-gnu/4.9/include-fixed" />
            <Add directory="/usr/local/include" />
            <Add directory="/usr/src/gtest" />
            <Add directory="/usr/src/gtest/include" />
         </Compiler>
         <MakeCommands>
            <Build command="/usr/bin/make -f &quot;/home/fernando/catkin_ws/src/kautham-build/gtest/Makefile&quot;  VERBOSE=1 gtest" />
            <CompileFile command="/usr/bin/make -f &quot;/home/fernando/catkin_ws/src/kautham-build/gtest/Makefile&quot;  VERBOSE=1 &quot;$file&quot;" />
            <Clean command="/usr/bin/make -f &quot;/home/fernando/catkin_ws/src/kautham-build/gtest/Makefile&quot;  VERBOSE=1 clean" />
            <DistClean command="/usr/bin/make -f &quot;/home/fernando/catkin_ws/src/kautham-build/gtest/Makefile&quot;  VERBOSE=1 clean" />
         </MakeCommands>
      </Target>
      <Target title="gtest/fast">
         <Option output="/home/fernando/catkin_ws/src/kautham-build/gtest/libgtest.so" prefix_auto="0" extension_auto="0" />
         <Option working_dir="/home/fernando/catkin_ws/src/kautham-build/gtest" />
         <Option object_output="./" />
         <Option type="3" />
         <Option compiler="gcc" />
         <Compiler>
            <Add option="-DGTEST_CREATE_SHARED_LIBRARY=1" />
            <Add directory="/usr/include" />
            <Add directory="/usr/include/c++/4.9" />
            <Add directory="/usr/include/c++/4.9/backward" />
            <Add directory="/usr/include/x86_64-linux-gnu" />
            <Add directory="/usr/include/x86_64-linux-gnu/c++/4.9" />
            <Add directory="/usr/lib/gcc/x86_64-linux-gnu/4.9/include" />
            <Add directory="/usr/lib/gcc/x86_64-linux-gnu/4.9/include-fixed" />
            <Add directory="/usr/local/include" />
            <Add directory="/usr/src/gtest" />
            <Add directory="/usr/src/gtest/include" />
         </Compiler>
         <MakeCommands>
            <Build command="/usr/bin/make -f &quot;/home/fernando/catkin_ws/src/kautham-build/gtest/Makefile&quot;  VERBOSE=1 gtest/fast" />
            <CompileFile command="/usr/bin/make -f &quot;/home/fernando/catkin_ws/src/kautham-build/gtest/Makefile&quot;  VERBOSE=1 &quot;$file&quot;" />
            <Clean command="/usr/bin/make -f &quot;/home/fernando/catkin_ws/src/kautham-build/gtest/Makefile&quot;  VERBOSE=1 clean" />
            <DistClean command="/usr/bin/make -f &quot;/home/fernando/catkin_ws/src/kautham-build/gtest/Makefile&quot;  VERBOSE=1 clean" />
         </MakeCommands>
      </Target>
      <Target title="gtest_main">
         <Option output="/home/fernando/catkin_ws/src/kautham-build/gtest/libgtest_main.so" prefix_auto="0" extension_auto="0" />
         <Option working_dir="/home/fernando/catkin_ws/src/kautham-build/gtest" />
         <Option object_output="./" />
         <Option type="3" />
         <Option compiler="gcc" />
         <Compiler>
            <Add option="-DGTEST_CREATE_SHARED_LIBRARY=1" />
            <Add directory="/usr/include" />
            <Add directory="/usr/include/c++/4.9" />
            <Add directory="/usr/include/c++/4.9/backward" />
            <Add directory="/usr/include/x86_64-linux-gnu" />
            <Add directory="/usr/include/x86_64-linux-gnu/c++/4.9" />
            <Add directory="/usr/lib/gcc/x86_64-linux-gnu/4.9/include" />
            <Add directory="/usr/lib/gcc/x86_64-linux-gnu/4.9/include-fixed" />
            <Add directory="/usr/local/include" />
            <Add directory="/usr/src/gtest" />
            <Add directory="/usr/src/gtest/include" />
         </Compiler>
         <MakeCommands>
            <Build command="/usr/bin/make -f &quot;/home/fernando/catkin_ws/src/kautham-build/gtest/Makefile&quot;  VERBOSE=1 gtest_main" />
            <CompileFile command="/usr/bin/make -f &quot;/home/fernando/catkin_ws/src/kautham-build/gtest/Makefile&quot;  VERBOSE=1 &quot;$file&quot;" />
            <Clean command="/usr/bin/make -f &quot;/home/fernando/catkin_ws/src/kautham-build/gtest/Makefile&quot;  VERBOSE=1 clean" />
            <DistClean command="/usr/bin/make -f &quot;/home/fernando/catkin_ws/src/kautham-build/gtest/Makefile&quot;  VERBOSE=1 clean" />
         </MakeCommands>
      </Target>
      <Target title="gtest_main/fast">
         <Option output="/home/fernando/catkin_ws/src/kautham-build/gtest/libgtest_main.so" prefix_auto="0" extension_auto="0" />
         <Option working_dir="/home/fernando/catkin_ws/src/kautham-build/gtest" />
         <Option object_output="./" />
         <Option type="3" />
         <Option compiler="gcc" />
         <Compiler>
            <Add option="-DGTEST_CREATE_SHARED_LIBRARY=1" />
            <Add directory="/usr/include" />
            <Add directory="/usr/include/c++/4.9" />
            <Add directory="/usr/include/c++/4.9/backward" />
            <Add directory="/usr/include/x86_64-linux-gnu" />
            <Add directory="/usr/include/x86_64-linux-gnu/c++/4.9" />
            <Add directory="/usr/lib/gcc/x86_64-linux-gnu/4.9/include" />
            <Add directory="/usr/lib/gcc/x86_64-linux-gnu/4.9/include-fixed" />
            <Add directory="/usr/local/include" />
            <Add directory="/usr/src/gtest" />
            <Add directory="/usr/src/gtest/include" />
         </Compiler>
         <MakeCommands>
            <Build command="/usr/bin/make -f &quot;/home/fernando/catkin_ws/src/kautham-build/gtest/Makefile&quot;  VERBOSE=1 gtest_main/fast" />
            <CompileFile command="/usr/bin/make -f &quot;/home/fernando/catkin_ws/src/kautham-build/gtest/Makefile&quot;  VERBOSE=1 &quot;$file&quot;" />
            <Clean command="/usr/bin/make -f &quot;/home/fernando/catkin_ws/src/kautham-build/gtest/Makefile&quot;  VERBOSE=1 clean" />
            <DistClean command="/usr/bin/make -f &quot;/home/fernando/catkin_ws/src/kautham-build/gtest/Makefile&quot;  VERBOSE=1 clean" />
         </MakeCommands>
      </Target>
      </Build>
      <Unit filename="/usr/src/gtest/src/gtest-all.cc">
      </Unit>
      <Unit filename="/usr/src/gtest/src/gtest_main.cc">
      </Unit>
      <Unit filename="/home/fernando/catkin_ws/src/kautham/CMakeLists.txt">
          <Option virtualFolder="CMake Files\" />
      </Unit>
      <Unit filename="/home/fernando/catkin_ws/src/kautham/kauthamConfig.h.in">
          <Option virtualFolder="CMake Files\" />
      </Unit>
      <Unit filename="/home/fernando/catkin_ws/src/kautham/package.xml">
          <Option virtualFolder="CMake Files\" />
      </Unit>
      <Unit filename="/home/fernando/catkin_ws/src/kautham/../../../../../usr/src/gtest/CMakeLists.txt">
          <Option virtualFolder="CMake Files\..\..\..\..\..\usr\src\gtest\" />
      </Unit>
      <Unit filename="/home/fernando/catkin_ws/src/kautham/../../../../../usr/src/gtest/CMakeLists.txt">
          <Option virtualFolder="CMake Files\..\..\..\..\..\usr\src\gtest\" />
      </Unit>
      <Unit filename="/home/fernando/catkin_ws/src/kautham/../../../../../usr/src/gtest/cmake/internal_utils.cmake">
          <Option virtualFolder="CMake Files\..\..\..\..\..\usr\src\gtest\cmake\" />
      </Unit>
      <Unit filename="/home/fernando/catkin_ws/src/kautham/../../../../../usr/src/gtest/cmake/internal_utils.cmake">
          <Option virtualFolder="CMake Files\..\..\..\..\..\usr\src\gtest\cmake\" />
      </Unit>
      <Unit filename="/home/fernando/catkin_ws/src/kautham/../../../../../usr/share/catkin/cmake/catkinConfig-version.cmake">
          <Option virtualFolder="CMake Files\..\..\..\..\..\usr\share\catkin\cmake\" />
      </Unit>
      <Unit filename="/home/fernando/catkin_ws/src/kautham/../../../../../usr/share/catkin/cmake/catkinConfig.cmake">
          <Option virtualFolder="CMake Files\..\..\..\..\..\usr\share\catkin\cmake\" />
      </Unit>
      <Unit filename="/home/fernando/catkin_ws/src/kautham/../../../../../usr/share/catkin/cmake/all.cmake">
          <Option virtualFolder="CMake Files\..\..\..\..\..\usr\share\catkin\cmake\" />
      </Unit>
      <Unit filename="/home/fernando/catkin_ws/src/kautham/../../../../../usr/share/catkin/cmake/assert.cmake">
          <Option virtualFolder="CMake Files\..\..\..\..\..\usr\share\catkin\cmake\" />
      </Unit>
      <Unit filename="/home/fernando/catkin_ws/src/kautham/../../../../../usr/share/catkin/cmake/atomic_configure_file.cmake">
          <Option virtualFolder="CMake Files\..\..\..\..\..\usr\share\catkin\cmake\" />
      </Unit>
      <Unit filename="/home/fernando/catkin_ws/src/kautham/../../../../../usr/share/catkin/cmake/catkin_add_env_hooks.cmake">
          <Option virtualFolder="CMake Files\..\..\..\..\..\usr\share\catkin\cmake\" />
      </Unit>
      <Unit filename="/home/fernando/catkin_ws/src/kautham/../../../../../usr/share/catkin/cmake/catkin_destinations.cmake">
          <Option virtualFolder="CMake Files\..\..\..\..\..\usr\share\catkin\cmake\" />
      </Unit>
      <Unit filename="/home/fernando/catkin_ws/src/kautham/../../../../../usr/share/catkin/cmake/catkin_download.cmake">
          <Option virtualFolder="CMake Files\..\..\..\..\..\usr\share\catkin\cmake\" />
      </Unit>
      <Unit filename="/home/fernando/catkin_ws/src/kautham/../../../../../usr/share/catkin/cmake/catkin_generate_environment.cmake">
          <Option virtualFolder="CMake Files\..\..\..\..\..\usr\share\catkin\cmake\" />
      </Unit>
      <Unit filename="/home/fernando/catkin_ws/src/kautham/../../../../../usr/share/catkin/cmake/catkin_install_python.cmake">
          <Option virtualFolder="CMake Files\..\..\..\..\..\usr\share\catkin\cmake\" />
      </Unit>
      <Unit filename="/home/fernando/catkin_ws/src/kautham/../../../../../usr/share/catkin/cmake/catkin_libraries.cmake">
          <Option virtualFolder="CMake Files\..\..\..\..\..\usr\share\catkin\cmake\" />
      </Unit>
      <Unit filename="/home/fernando/catkin_ws/src/kautham/../../../../../usr/share/catkin/cmake/catkin_metapackage.cmake">
          <Option virtualFolder="CMake Files\..\..\..\..\..\usr\share\catkin\cmake\" />
      </Unit>
      <Unit filename="/home/fernando/catkin_ws/src/kautham/../../../../../usr/share/catkin/cmake/catkin_package.cmake">
          <Option virtualFolder="CMake Files\..\..\..\..\..\usr\share\catkin\cmake\" />
      </Unit>
      <Unit filename="/home/fernando/catkin_ws/src/kautham/../../../../../usr/share/catkin/cmake/catkin_package_xml.cmake">
          <Option virtualFolder="CMake Files\..\..\..\..\..\usr\share\catkin\cmake\" />
      </Unit>
      <Unit filename="/home/fernando/catkin_ws/src/kautham/../../../../../usr/share/catkin/cmake/catkin_workspace.cmake">
          <Option virtualFolder="CMake Files\..\..\..\..\..\usr\share\catkin\cmake\" />
      </Unit>
      <Unit filename="/home/fernando/catkin_ws/src/kautham/../../../../../usr/share/catkin/cmake/debug_message.cmake">
          <Option virtualFolder="CMake Files\..\..\..\..\..\usr\share\catkin\cmake\" />
      </Unit>
      <Unit filename="/home/fernando/catkin_ws/src/kautham/../../../../../usr/share/catkin/cmake/em_expand.cmake">
          <Option virtualFolder="CMake Files\..\..\..\..\..\usr\share\catkin\cmake\" />
      </Unit>
      <Unit filename="/home/fernando/catkin_ws/src/kautham/../../../../../usr/share/catkin/cmake/python.cmake">
          <Option virtualFolder="CMake Files\..\..\..\..\..\usr\share\catkin\cmake\" />
      </Unit>
      <Unit filename="/home/fernando/catkin_ws/src/kautham/../../../../../usr/share/catkin/cmake/empy.cmake">
          <Option virtualFolder="CMake Files\..\..\..\..\..\usr\share\catkin\cmake\" />
      </Unit>
      <Unit filename="/home/fernando/catkin_ws/src/kautham/../../../../../usr/share/catkin/cmake/find_program_required.cmake">
          <Option virtualFolder="CMake Files\..\..\..\..\..\usr\share\catkin\cmake\" />
      </Unit>
      <Unit filename="/home/fernando/catkin_ws/src/kautham/../../../../../usr/share/catkin/cmake/legacy.cmake">
          <Option virtualFolder="CMake Files\..\..\..\..\..\usr\share\catkin\cmake\" />
      </Unit>
      <Unit filename="/home/fernando/catkin_ws/src/kautham/../../../../../usr/share/catkin/cmake/list_append_deduplicate.cmake">
          <Option virtualFolder="CMake Files\..\..\..\..\..\usr\share\catkin\cmake\" />
      </Unit>
      <Unit filename="/home/fernando/catkin_ws/src/kautham/../../../../../usr/share/catkin/cmake/list_append_unique.cmake">
          <Option virtualFolder="CMake Files\..\..\..\..\..\usr\share\catkin\cmake\" />
      </Unit>
      <Unit filename="/home/fernando/catkin_ws/src/kautham/../../../../../usr/share/catkin/cmake/list_insert_in_workspace_order.cmake">
          <Option virtualFolder="CMake Files\..\..\..\..\..\usr\share\catkin\cmake\" />
      </Unit>
      <Unit filename="/home/fernando/catkin_ws/src/kautham/../../../../../usr/share/catkin/cmake/safe_execute_process.cmake">
          <Option virtualFolder="CMake Files\..\..\..\..\..\usr\share\catkin\cmake\" />
      </Unit>
      <Unit filename="/home/fernando/catkin_ws/src/kautham/../../../../../usr/share/catkin/cmake/stamp.cmake">
          <Option virtualFolder="CMake Files\..\..\..\..\..\usr\share\catkin\cmake\" />
      </Unit>
      <Unit filename="/home/fernando/catkin_ws/src/kautham/../../../../../usr/share/catkin/cmake/string_starts_with.cmake">
          <Option virtualFolder="CMake Files\..\..\..\..\..\usr\share\catkin\cmake\" />
      </Unit>
      <Unit filename="/home/fernando/catkin_ws/src/kautham/../../../../../usr/share/catkin/cmake/catkin_python_setup.cmake">
          <Option virtualFolder="CMake Files\..\..\..\..\..\usr\share\catkin\cmake\" />
      </Unit>
      <Unit filename="/home/fernando/catkin_ws/src/kautham/../../../../../usr/share/catkin/cmake/interrogate_setup_dot_py.py">
          <Option virtualFolder="CMake Files\..\..\..\..\..\usr\share\catkin\cmake\" />
      </Unit>
      <Unit filename="/home/fernando/catkin_ws/src/kautham/../../../../../usr/share/catkin/cmake/catkinConfig-version.cmake">
          <Option virtualFolder="CMake Files\..\..\..\..\..\usr\share\catkin\cmake\" />
      </Unit>
      <Unit filename="/home/fernando/catkin_ws/src/kautham/../../../../../usr/share/catkin/cmake/catkinConfig.cmake">
          <Option virtualFolder="CMake Files\..\..\..\..\..\usr\share\catkin\cmake\" />
      </Unit>
      <Unit filename="/home/fernando/catkin_ws/src/kautham/../../../../../usr/share/catkin/cmake/platform/lsb.cmake">
          <Option virtualFolder="CMake Files\..\..\..\..\..\usr\share\catkin\cmake\platform\" />
      </Unit>
      <Unit filename="/home/fernando/catkin_ws/src/kautham/../../../../../usr/share/catkin/cmake/platform/ubuntu.cmake">
          <Option virtualFolder="CMake Files\..\..\..\..\..\usr\share\catkin\cmake\platform\" />
      </Unit>
      <Unit filename="/home/fernando/catkin_ws/src/kautham/../../../../../usr/share/catkin/cmake/platform/windows.cmake">
          <Option virtualFolder="CMake Files\..\..\..\..\..\usr\share\catkin\cmake\platform\" />
      </Unit>
      <Unit filename="/home/fernando/catkin_ws/src/kautham/../../../../../usr/share/catkin/cmake/test/tests.cmake">
          <Option virtualFolder="CMake Files\..\..\..\..\..\usr\share\catkin\cmake\test\" />
      </Unit>
      <Unit filename="/home/fernando/catkin_ws/src/kautham/../../../../../usr/share/catkin/cmake/test/catkin_download_test_data.cmake">
          <Option virtualFolder="CMake Files\..\..\..\..\..\usr\share\catkin\cmake\test\" />
      </Unit>
      <Unit filename="/home/fernando/catkin_ws/src/kautham/../../../../../usr/share/catkin/cmake/test/gtest.cmake">
          <Option virtualFolder="CMake Files\..\..\..\..\..\usr\share\catkin\cmake\test\" />
      </Unit>
      <Unit filename="/home/fernando/catkin_ws/src/kautham/../../../../../usr/share/catkin/cmake/test/nosetests.cmake">
          <Option virtualFolder="CMake Files\..\..\..\..\..\usr\share\catkin\cmake\test\" />
      </Unit>
      <Unit filename="/home/fernando/catkin_ws/src/kautham/../../../../../usr/share/catkin/cmake/tools/doxygen.cmake">
          <Option virtualFolder="CMake Files\..\..\..\..\..\usr\share\catkin\cmake\tools\" />
      </Unit>
      <Unit filename="/home/fernando/catkin_ws/src/kautham/../../../../../usr/share/catkin/cmake/tools/libraries.cmake">
          <Option virtualFolder="CMake Files\..\..\..\..\..\usr\share\catkin\cmake\tools\" />
      </Unit>
      <Unit filename="/home/fernando/catkin_ws/src/kautham/../../../../../usr/share/catkin/cmake/tools/rt.cmake">
          <Option virtualFolder="CMake Files\..\..\..\..\..\usr\share\catkin\cmake\tools\" />
      </Unit>
      <Unit filename="/home/fernando/catkin_ws/src/kautham/../../../../../usr/share/catkin/cmake/../package.xml">
          <Option virtualFolder="CMake Files\..\..\..\..\..\usr\share\catkin\cmake\..\" />
      </Unit>
      <Unit filename="/home/fernando/catkin_ws/src/kautham/../../../../../usr/share/catkin/cmake/templates/_setup_util.py.in">
          <Option virtualFolder="CMake Files\..\..\..\..\..\usr\share\catkin\cmake\templates\" />
      </Unit>
      <Unit filename="/home/fernando/catkin_ws/src/kautham/../../../../../usr/share/catkin/cmake/templates/env.sh.in">
          <Option virtualFolder="CMake Files\..\..\..\..\..\usr\share\catkin\cmake\templates\" />
      </Unit>
      <Unit filename="/home/fernando/catkin_ws/src/kautham/../../../../../usr/share/catkin/cmake/templates/setup.bash.in">
          <Option virtualFolder="CMake Files\..\..\..\..\..\usr\share\catkin\cmake\templates\" />
      </Unit>
      <Unit filename="/home/fernando/catkin_ws/src/kautham/../../../../../usr/share/catkin/cmake/templates/setup.sh.in">
          <Option virtualFolder="CMake Files\..\..\..\..\..\usr\share\catkin\cmake\templates\" />
      </Unit>
      <Unit filename="/home/fernando/catkin_ws/src/kautham/../../../../../usr/share/catkin/cmake/templates/setup.zsh.in">
          <Option virtualFolder="CMake Files\..\..\..\..\..\usr\share\catkin\cmake\templates\" />
      </Unit>
      <Unit filename="/home/fernando/catkin_ws/src/kautham/../../../../../usr/share/catkin/cmake/templates/rosinstall.in">
          <Option virtualFolder="CMake Files\..\..\..\..\..\usr\share\catkin\cmake\templates\" />
      </Unit>
      <Unit filename="/home/fernando/catkin_ws/src/kautham/../../../../../usr/share/catkin/cmake/templates/_setup_util.py.in">
          <Option virtualFolder="CMake Files\..\..\..\..\..\usr\share\catkin\cmake\templates\" />
      </Unit>
      <Unit filename="/home/fernando/catkin_ws/src/kautham/../../../../../usr/share/catkin/cmake/templates/env.sh.in">
          <Option virtualFolder="CMake Files\..\..\..\..\..\usr\share\catkin\cmake\templates\" />
      </Unit>
      <Unit filename="/home/fernando/catkin_ws/src/kautham/../../../../../usr/share/catkin/cmake/templates/setup.bash.in">
          <Option virtualFolder="CMake Files\..\..\..\..\..\usr\share\catkin\cmake\templates\" />
      </Unit>
      <Unit filename="/home/fernando/catkin_ws/src/kautham/../../../../../usr/share/catkin/cmake/templates/setup.sh.in">
          <Option virtualFolder="CMake Files\..\..\..\..\..\usr\share\catkin\cmake\templates\" />
      </Unit>
      <Unit filename="/home/fernando/catkin_ws/src/kautham/../../../../../usr/share/catkin/cmake/templates/setup.zsh.in">
          <Option virtualFolder="CMake Files\..\..\..\..\..\usr\share\catkin\cmake\templates\" />
      </Unit>
      <Unit filename="/home/fernando/catkin_ws/src/kautham/../../../../../usr/share/catkin/cmake/templates/rosinstall.in">
          <Option virtualFolder="CMake Files\..\..\..\..\..\usr\share\catkin\cmake\templates\" />
      </Unit>
      <Unit filename="/home/fernando/catkin_ws/src/kautham/../../../../../usr/share/catkin/cmake/templates/generate_cached_setup.py.in">
          <Option virtualFolder="CMake Files\..\..\..\..\..\usr\share\catkin\cmake\templates\" />
      </Unit>
      <Unit filename="/home/fernando/catkin_ws/src/kautham/../../../../../usr/share/catkin/cmake/templates/env.sh.in">
          <Option virtualFolder="CMake Files\..\..\..\..\..\usr\share\catkin\cmake\templates\" />
      </Unit>
      <Unit filename="/home/fernando/catkin_ws/src/kautham/../../../../../usr/share/catkin/cmake/templates/pkg.context.pc.in">
          <Option virtualFolder="CMake Files\..\..\..\..\..\usr\share\catkin\cmake\templates\" />
      </Unit>
      <Unit filename="/home/fernando/catkin_ws/src/kautham/../../../../../usr/share/catkin/cmake/templates/pkgConfig.cmake.in">
          <Option virtualFolder="CMake Files\..\..\..\..\..\usr\share\catkin\cmake\templates\" />
      </Unit>
      <Unit filename="/home/fernando/catkin_ws/src/kautham/../../../../../usr/share/catkin/cmake/templates/pkgConfig-version.cmake.in">
          <Option virtualFolder="CMake Files\..\..\..\..\..\usr\share\catkin\cmake\templates\" />
      </Unit>
      <Unit filename="/home/fernando/catkin_ws/src/kautham/../../../../../usr/share/catkin/cmake/templates/pkg.context.pc.in">
          <Option virtualFolder="CMake Files\..\..\..\..\..\usr\share\catkin\cmake\templates\" />
      </Unit>
      <Unit filename="/home/fernando/catkin_ws/src/kautham/../../../../../usr/share/catkin/cmake/templates/pkgConfig.cmake.in">
          <Option virtualFolder="CMake Files\..\..\..\..\..\usr\share\catkin\cmake\templates\" />
      </Unit>
      <Unit filename="/home/fernando/catkin_ws/src/kautham/../../../../../usr/share/catkin/cmake/templates/pkgConfig-version.cmake.in">
          <Option virtualFolder="CMake Files\..\..\..\..\..\usr\share\catkin\cmake\templates\" />
      </Unit>
      <Unit filename="/home/fernando/catkin_ws/src/kautham/../../../../../usr/share/catkin/cmake/em/pkg.pc.em">
          <Option virtualFolder="CMake Files\..\..\..\..\..\usr\share\catkin\cmake\em\" />
      </Unit>
      <Unit filename="/home/fernando/catkin_ws/src/kautham/../../../../../usr/share/catkin/cmake/em/pkg.pc.em">
          <Option virtualFolder="CMake Files\..\..\..\..\..\usr\share\catkin\cmake\em\" />
      </Unit>
      <Unit filename="/home/fernando/catkin_ws/src/kautham/../../../../../usr/share/roscpp/cmake/roscppConfig-version.cmake">
          <Option virtualFolder="CMake Files\..\..\..\..\..\usr\share\roscpp\cmake\" />
      </Unit>
      <Unit filename="/home/fernando/catkin_ws/src/kautham/../../../../../usr/share/roscpp/cmake/roscppConfig.cmake">
          <Option virtualFolder="CMake Files\..\..\..\..\..\usr\share\roscpp\cmake\" />
      </Unit>
      <Unit filename="/home/fernando/catkin_ws/src/kautham/../../../../../usr/share/roscpp/cmake/roscpp-msg-extras.cmake">
          <Option virtualFolder="CMake Files\..\..\..\..\..\usr\share\roscpp\cmake\" />
      </Unit>
      <Unit filename="/home/fernando/catkin_ws/src/kautham/../../../../../usr/share/roscpp/cmake/roscpp-msg-paths.cmake">
          <Option virtualFolder="CMake Files\..\..\..\..\..\usr\share\roscpp\cmake\" />
      </Unit>
      <Unit filename="/home/fernando/catkin_ws/src/kautham/../../../../../usr/share/cpp_common/cmake/cpp_commonConfig-version.cmake">
          <Option virtualFolder="CMake Files\..\..\..\..\..\usr\share\cpp_common\cmake\" />
      </Unit>
      <Unit filename="/home/fernando/catkin_ws/src/kautham/../../../../../usr/share/cpp_common/cmake/cpp_commonConfig.cmake">
          <Option virtualFolder="CMake Files\..\..\..\..\..\usr\share\cpp_common\cmake\" />
      </Unit>
      <Unit filename="/home/fernando/catkin_ws/src/kautham/../../../../../usr/share/message_runtime/cmake/message_runtimeConfig-version.cmake">
          <Option virtualFolder="CMake Files\..\..\..\..\..\usr\share\message_runtime\cmake\" />
      </Unit>
      <Unit filename="/home/fernando/catkin_ws/src/kautham/../../../../../usr/share/message_runtime/cmake/message_runtimeConfig.cmake">
          <Option virtualFolder="CMake Files\..\..\..\..\..\usr\share\message_runtime\cmake\" />
      </Unit>
      <Unit filename="/home/fernando/catkin_ws/src/kautham/../../../../../usr/share/roscpp_serialization/cmake/roscpp_serializationConfig-version.cmake">
          <Option virtualFolder="CMake Files\..\..\..\..\..\usr\share\roscpp_serialization\cmake\" />
      </Unit>
      <Unit filename="/home/fernando/catkin_ws/src/kautham/../../../../../usr/share/roscpp_serialization/cmake/roscpp_serializationConfig.cmake">
          <Option virtualFolder="CMake Files\..\..\..\..\..\usr\share\roscpp_serialization\cmake\" />
      </Unit>
      <Unit filename="/home/fernando/catkin_ws/src/kautham/../../../../../usr/share/roscpp_traits/cmake/roscpp_traitsConfig-version.cmake">
          <Option virtualFolder="CMake Files\..\..\..\..\..\usr\share\roscpp_traits\cmake\" />
      </Unit>
      <Unit filename="/home/fernando/catkin_ws/src/kautham/../../../../../usr/share/roscpp_traits/cmake/roscpp_traitsConfig.cmake">
          <Option virtualFolder="CMake Files\..\..\..\..\..\usr\share\roscpp_traits\cmake\" />
      </Unit>
      <Unit filename="/home/fernando/catkin_ws/src/kautham/../../../../../usr/share/rostime/cmake/rostimeConfig-version.cmake">
          <Option virtualFolder="CMake Files\..\..\..\..\..\usr\share\rostime\cmake\" />
      </Unit>
      <Unit filename="/home/fernando/catkin_ws/src/kautham/../../../../../usr/share/rostime/cmake/rostimeConfig.cmake">
          <Option virtualFolder="CMake Files\..\..\..\..\..\usr\share\rostime\cmake\" />
      </Unit>
      <Unit filename="/home/fernando/catkin_ws/src/kautham/../../../../../usr/share/rosconsole/cmake/rosconsoleConfig-version.cmake">
          <Option virtualFolder="CMake Files\..\..\..\..\..\usr\share\rosconsole\cmake\" />
      </Unit>
      <Unit filename="/home/fernando/catkin_ws/src/kautham/../../../../../usr/share/rosconsole/cmake/rosconsoleConfig.cmake">
          <Option virtualFolder="CMake Files\..\..\..\..\..\usr\share\rosconsole\cmake\" />
      </Unit>
      <Unit filename="/home/fernando/catkin_ws/src/kautham/../../../../../usr/share/rosconsole/cmake/rosconsole-extras.cmake">
          <Option virtualFolder="CMake Files\..\..\..\..\..\usr\share\rosconsole\cmake\" />
      </Unit>
      <Unit filename="/home/fernando/catkin_ws/src/kautham/../../../../../usr/share/rosgraph_msgs/cmake/rosgraph_msgsConfig-version.cmake">
          <Option virtualFolder="CMake Files\..\..\..\..\..\usr\share\rosgraph_msgs\cmake\" />
      </Unit>
      <Unit filename="/home/fernando/catkin_ws/src/kautham/../../../../../usr/share/rosgraph_msgs/cmake/rosgraph_msgsConfig.cmake">
          <Option virtualFolder="CMake Files\..\..\..\..\..\usr\share\rosgraph_msgs\cmake\" />
      </Unit>
      <Unit filename="/home/fernando/catkin_ws/src/kautham/../../../../../usr/share/rosgraph_msgs/cmake/rosgraph_msgs-msg-extras.cmake">
          <Option virtualFolder="CMake Files\..\..\..\..\..\usr\share\rosgraph_msgs\cmake\" />
      </Unit>
      <Unit filename="/home/fernando/catkin_ws/src/kautham/../../../../../usr/share/std_msgs/cmake/std_msgsConfig-version.cmake">
          <Option virtualFolder="CMake Files\..\..\..\..\..\usr\share\std_msgs\cmake\" />
      </Unit>
      <Unit filename="/home/fernando/catkin_ws/src/kautham/../../../../../usr/share/std_msgs/cmake/std_msgsConfig.cmake">
          <Option virtualFolder="CMake Files\..\..\..\..\..\usr\share\std_msgs\cmake\" />
      </Unit>
      <Unit filename="/home/fernando/catkin_ws/src/kautham/../../../../../usr/share/std_msgs/cmake/std_msgs-msg-extras.cmake">
          <Option virtualFolder="CMake Files\..\..\..\..\..\usr\share\std_msgs\cmake\" />
      </Unit>
      <Unit filename="/home/fernando/catkin_ws/src/kautham/../../../../../usr/share/std_msgs/cmake/std_msgsConfig-version.cmake">
          <Option virtualFolder="CMake Files\..\..\..\..\..\usr\share\std_msgs\cmake\" />
      </Unit>
      <Unit filename="/home/fernando/catkin_ws/src/kautham/../../../../../usr/share/std_msgs/cmake/std_msgsConfig.cmake">
          <Option virtualFolder="CMake Files\..\..\..\..\..\usr\share\std_msgs\cmake\" />
      </Unit>
      <Unit filename="/home/fernando/catkin_ws/src/kautham/../../../../../usr/share/std_msgs/cmake/std_msgs-msg-paths.cmake">
          <Option virtualFolder="CMake Files\..\..\..\..\..\usr\share\std_msgs\cmake\" />
      </Unit>
      <Unit filename="/home/fernando/catkin_ws/src/kautham/../../../../../usr/share/xmlrpcpp/cmake/xmlrpcppConfig-version.cmake">
          <Option virtualFolder="CMake Files\..\..\..\..\..\usr\share\xmlrpcpp\cmake\" />
      </Unit>
      <Unit filename="/home/fernando/catkin_ws/src/kautham/../../../../../usr/share/xmlrpcpp/cmake/xmlrpcppConfig.cmake">
          <Option virtualFolder="CMake Files\..\..\..\..\..\usr\share\xmlrpcpp\cmake\" />
      </Unit>
      <Unit filename="/home/fernando/catkin_ws/src/kautham/../../../../../usr/share/trajectory_msgs/cmake/trajectory_msgsConfig-version.cmake">
          <Option virtualFolder="CMake Files\..\..\..\..\..\usr\share\trajectory_msgs\cmake\" />
      </Unit>
      <Unit filename="/home/fernando/catkin_ws/src/kautham/../../../../../usr/share/trajectory_msgs/cmake/trajectory_msgsConfig.cmake">
          <Option virtualFolder="CMake Files\..\..\..\..\..\usr\share\trajectory_msgs\cmake\" />
      </Unit>
      <Unit filename="/home/fernando/catkin_ws/src/kautham/../../../../../usr/share/trajectory_msgs/cmake/trajectory_msgs-msg-extras.cmake">
          <Option virtualFolder="CMake Files\..\..\..\..\..\usr\share\trajectory_msgs\cmake\" />
      </Unit>
      <Unit filename="/home/fernando/catkin_ws/src/kautham/../../../../../usr/share/trajectory_msgs/cmake/trajectory_msgs-msg-paths.cmake">
          <Option virtualFolder="CMake Files\..\..\..\..\..\usr\share\trajectory_msgs\cmake\" />
      </Unit>
      <Unit filename="/home/fernando/catkin_ws/src/kautham/../../../../../usr/share/geometry_msgs/cmake/geometry_msgsConfig-version.cmake">
          <Option virtualFolder="CMake Files\..\..\..\..\..\usr\share\geometry_msgs\cmake\" />
      </Unit>
      <Unit filename="/home/fernando/catkin_ws/src/kautham/../../../../../usr/share/geometry_msgs/cmake/geometry_msgsConfig.cmake">
          <Option virtualFolder="CMake Files\..\..\..\..\..\usr\share\geometry_msgs\cmake\" />
      </Unit>
      <Unit filename="/home/fernando/catkin_ws/src/kautham/../../../../../usr/share/geometry_msgs/cmake/geometry_msgs-msg-extras.cmake">
          <Option virtualFolder="CMake Files\..\..\..\..\..\usr\share\geometry_msgs\cmake\" />
      </Unit>
      <Unit filename="/home/fernando/catkin_ws/src/kautham/../../../../../usr/share/geometry_msgs/cmake/geometry_msgs-msg-paths.cmake">
          <Option virtualFolder="CMake Files\..\..\..\..\..\usr\share\geometry_msgs\cmake\" />
      </Unit>
      <Unit filename="/home/fernando/catkin_ws/src/kautham/../../../../../usr/share/message_generation/cmake/message_generationConfig-version.cmake">
          <Option virtualFolder="CMake Files\..\..\..\..\..\usr\share\message_generation\cmake\" />
      </Unit>
      <Unit filename="/home/fernando/catkin_ws/src/kautham/../../../../../usr/share/message_generation/cmake/message_generationConfig.cmake">
          <Option virtualFolder="CMake Files\..\..\..\..\..\usr\share\message_generation\cmake\" />
      </Unit>
      <Unit filename="/home/fernando/catkin_ws/src/kautham/../../../../../usr/share/gencpp/cmake/gencppConfig-version.cmake">
          <Option virtualFolder="CMake Files\..\..\..\..\..\usr\share\gencpp\cmake\" />
      </Unit>
      <Unit filename="/home/fernando/catkin_ws/src/kautham/../../../../../usr/share/gencpp/cmake/gencppConfig.cmake">
          <Option virtualFolder="CMake Files\..\..\..\..\..\usr\share\gencpp\cmake\" />
      </Unit>
      <Unit filename="/home/fernando/catkin_ws/src/kautham/../../../../../usr/share/gencpp/cmake/gencppConfig-version.cmake">
          <Option virtualFolder="CMake Files\..\..\..\..\..\usr\share\gencpp\cmake\" />
      </Unit>
      <Unit filename="/home/fernando/catkin_ws/src/kautham/../../../../../usr/share/gencpp/cmake/gencppConfig.cmake">
          <Option virtualFolder="CMake Files\..\..\..\..\..\usr\share\gencpp\cmake\" />
      </Unit>
      <Unit filename="/home/fernando/catkin_ws/src/kautham/../../../../../usr/share/gencpp/cmake/gencpp-extras.cmake">
          <Option virtualFolder="CMake Files\..\..\..\..\..\usr\share\gencpp\cmake\" />
      </Unit>
      <Unit filename="/home/fernando/catkin_ws/src/kautham/../../../../../usr/share/gencpp/cmake/gencppConfig-version.cmake">
          <Option virtualFolder="CMake Files\..\..\..\..\..\usr\share\gencpp\cmake\" />
      </Unit>
      <Unit filename="/home/fernando/catkin_ws/src/kautham/../../../../../usr/share/gencpp/cmake/gencppConfig.cmake">
          <Option virtualFolder="CMake Files\..\..\..\..\..\usr\share\gencpp\cmake\" />
      </Unit>
      <Unit filename="/home/fernando/catkin_ws/src/kautham/../../../../../usr/share/genmsg/cmake/genmsgConfig-version.cmake">
          <Option virtualFolder="CMake Files\..\..\..\..\..\usr\share\genmsg\cmake\" />
      </Unit>
      <Unit filename="/home/fernando/catkin_ws/src/kautham/../../../../../usr/share/genmsg/cmake/genmsgConfig.cmake">
          <Option virtualFolder="CMake Files\..\..\..\..\..\usr\share\genmsg\cmake\" />
      </Unit>
      <Unit filename="/home/fernando/catkin_ws/src/kautham/../../../../../usr/share/genmsg/cmake/genmsg-extras.cmake">
          <Option virtualFolder="CMake Files\..\..\..\..\..\usr\share\genmsg\cmake\" />
      </Unit>
      <Unit filename="/home/fernando/catkin_ws/src/kautham/../../../../../usr/share/genmsg/cmake/genmsgConfig-version.cmake">
          <Option virtualFolder="CMake Files\..\..\..\..\..\usr\share\genmsg\cmake\" />
      </Unit>
      <Unit filename="/home/fernando/catkin_ws/src/kautham/../../../../../usr/share/genmsg/cmake/genmsgConfig.cmake">
          <Option virtualFolder="CMake Files\..\..\..\..\..\usr\share\genmsg\cmake\" />
      </Unit>
      <Unit filename="/home/fernando/catkin_ws/src/kautham/../../../../../usr/share/genmsg/cmake/pkg-msg-paths.cmake.develspace.in">
          <Option virtualFolder="CMake Files\..\..\..\..\..\usr\share\genmsg\cmake\" />
      </Unit>
      <Unit filename="/home/fernando/catkin_ws/src/kautham/../../../../../usr/share/genmsg/cmake/pkg-msg-paths.cmake.installspace.in">
          <Option virtualFolder="CMake Files\..\..\..\..\..\usr\share\genmsg\cmake\" />
      </Unit>
      <Unit filename="/home/fernando/catkin_ws/src/kautham/../../../../../usr/share/genmsg/cmake/pkg-msg-extras.cmake.in">
          <Option virtualFolder="CMake Files\..\..\..\..\..\usr\share\genmsg\cmake\" />
      </Unit>
      <Unit filename="/home/fernando/catkin_ws/src/kautham/../../../../../usr/share/genmsg/cmake/pkg-msg-extras.cmake.in">
          <Option virtualFolder="CMake Files\..\..\..\..\..\usr\share\genmsg\cmake\" />
      </Unit>
      <Unit filename="/home/fernando/catkin_ws/src/kautham/../../../../../usr/share/genmsg/cmake/pkg-genmsg.context.in">
          <Option virtualFolder="CMake Files\..\..\..\..\..\usr\share\genmsg\cmake\" />
      </Unit>
      <Unit filename="/home/fernando/catkin_ws/src/kautham/../../../../../usr/share/genmsg/cmake/pkg-genmsg.cmake.em">
          <Option virtualFolder="CMake Files\..\..\..\..\..\usr\share\genmsg\cmake\" />
      </Unit>
      <Unit filename="/home/fernando/catkin_ws/src/kautham/../../../../../usr/share/genlisp/cmake/genlispConfig-version.cmake">
          <Option virtualFolder="CMake Files\..\..\..\..\..\usr\share\genlisp\cmake\" />
      </Unit>
      <Unit filename="/home/fernando/catkin_ws/src/kautham/../../../../../usr/share/genlisp/cmake/genlispConfig.cmake">
          <Option virtualFolder="CMake Files\..\..\..\..\..\usr\share\genlisp\cmake\" />
      </Unit>
      <Unit filename="/home/fernando/catkin_ws/src/kautham/../../../../../usr/share/genlisp/cmake/genlisp-extras.cmake">
          <Option virtualFolder="CMake Files\..\..\..\..\..\usr\share\genlisp\cmake\" />
      </Unit>
      <Unit filename="/home/fernando/catkin_ws/src/kautham/../../../../../usr/share/genlisp/cmake/genlispConfig-version.cmake">
          <Option virtualFolder="CMake Files\..\..\..\..\..\usr\share\genlisp\cmake\" />
      </Unit>
      <Unit filename="/home/fernando/catkin_ws/src/kautham/../../../../../usr/share/genlisp/cmake/genlispConfig.cmake">
          <Option virtualFolder="CMake Files\..\..\..\..\..\usr\share\genlisp\cmake\" />
      </Unit>
      <Unit filename="/home/fernando/catkin_ws/src/kautham/../../../../../usr/share/genpy/cmake/genpyConfig-version.cmake">
          <Option virtualFolder="CMake Files\..\..\..\..\..\usr\share\genpy\cmake\" />
      </Unit>
      <Unit filename="/home/fernando/catkin_ws/src/kautham/../../../../../usr/share/genpy/cmake/genpyConfig.cmake">
          <Option virtualFolder="CMake Files\..\..\..\..\..\usr\share\genpy\cmake\" />
      </Unit>
      <Unit filename="/home/fernando/catkin_ws/src/kautham/../../../../../usr/share/genpy/cmake/genpy-extras.cmake">
          <Option virtualFolder="CMake Files\..\..\..\..\..\usr\share\genpy\cmake\" />
      </Unit>
      <Unit filename="/home/fernando/catkin_ws/src/kautham/../../../../../usr/share/genpy/cmake/genpyConfig-version.cmake">
          <Option virtualFolder="CMake Files\..\..\..\..\..\usr\share\genpy\cmake\" />
      </Unit>
      <Unit filename="/home/fernando/catkin_ws/src/kautham/../../../../../usr/share/genpy/cmake/genpyConfig.cmake">
          <Option virtualFolder="CMake Files\..\..\..\..\..\usr\share\genpy\cmake\" />
      </Unit>
      <Unit filename="/home/fernando/catkin_ws/src/kautham/../../../../../usr/share/ompl/ompl-config.cmake">
          <Option virtualFolder="CMake Files\..\..\..\..\..\usr\share\ompl\" />
      </Unit>
      <Unit filename="/home/fernando/catkin_ws/src/kautham/../kautham-build/catkin/catkin_generated/version/package.cmake">
          <Option virtualFolder="CMake Files\..\kautham-build\catkin\catkin_generated\version\" />
      </Unit>
      <Unit filename="/home/fernando/catkin_ws/src/kautham/../kautham-build/catkin_generated/ordered_paths.cmake">
          <Option virtualFolder="CMake Files\..\kautham-build\catkin_generated\" />
      </Unit>
      <Unit filename="/home/fernando/catkin_ws/src/kautham/../kautham-build/catkin_generated/package.cmake">
          <Option virtualFolder="CMake Files\..\kautham-build\catkin_generated\" />
      </Unit>
      <Unit filename="/home/fernando/catkin_ws/src/kautham/../kautham-build/catkin_generated/kautham-msg-extras.cmake.develspace.in">
          <Option virtualFolder="CMake Files\..\kautham-build\catkin_generated\" />
      </Unit>
      <Unit filename="/home/fernando/catkin_ws/src/kautham/../kautham-build/catkin_generated/kautham-msg-extras.cmake.installspace.in">
          <Option virtualFolder="CMake Files\..\kautham-build\catkin_generated\" />
      </Unit>
      <Unit filename="/home/fernando/catkin_ws/src/kautham/../kautham-build/catkin_generated/installspace/_setup_util.py">
          <Option virtualFolder="CMake Files\..\kautham-build\catkin_generated\installspace\" />
      </Unit>
      <Unit filename="/home/fernando/catkin_ws/src/kautham/../kautham-build/devel/share/kautham/cmake/kautham-msg-paths.cmake">
          <Option virtualFolder="CMake Files\..\kautham-build\devel\share\kautham\cmake\" />
      </Unit>
      <Unit filename="/home/fernando/catkin_ws/src/kautham/../kautham-build/cmake/kautham-genmsg.cmake">
          <Option virtualFolder="CMake Files\..\kautham-build\cmake\" />
      </Unit>
      <Unit filename="/home/fernando/catkin_ws/src/kautham/CMakeModules/FindCoin.cmake">
          <Option virtualFolder="CMake Files\CMakeModules\" />
      </Unit>
      <Unit filename="/home/fernando/catkin_ws/src/kautham/CMakeModules/FindPugiXML.cmake">
          <Option virtualFolder="CMake Files\CMakeModules\" />
      </Unit>
      <Unit filename="/home/fernando/catkin_ws/src/kautham/CMakeModules/FindCoin.cmake">
          <Option virtualFolder="CMake Files\CMakeModules\" />
      </Unit>
      <Unit filename="/home/fernando/catkin_ws/src/kautham/CMakeModules/FindAssimp.cmake">
          <Option virtualFolder="CMake Files\CMakeModules\" />
      </Unit>
      <Unit filename="/home/fernando/catkin_ws/src/kautham/CMakeModules/Findfcl.cmake">
          <Option virtualFolder="CMake Files\CMakeModules\" />
      </Unit>
      <Unit filename="/home/fernando/catkin_ws/src/kautham/CMakeModules/FindPthreads.cmake">
          <Option virtualFolder="CMake Files\CMakeModules\" />
      </Unit>
      <Unit filename="/home/fernando/catkin_ws/src/kautham/CMakeModules/FindGSL.cmake">
          <Option virtualFolder="CMake Files\CMakeModules\" />
      </Unit>
      <Unit filename="/home/fernando/catkin_ws/src/kautham/CMakeModules/FindSoQt4.cmake">
          <Option virtualFolder="CMake Files\CMakeModules\" />
      </Unit>
      <Unit filename="/home/fernando/catkin_ws/src/kautham/CMakeModules/FindSoQt4.cmake">
          <Option virtualFolder="CMake Files\CMakeModules\" />
      </Unit>
      <Unit filename="/home/fernando/catkin_ws/src/kautham/src/CMakeLists.txt">
          <Option virtualFolder="CMake Files\src\" />
      </Unit>
      <Unit filename="/home/fernando/catkin_ws/src/kautham/src/kauthamConfig.cmake.in">
          <Option virtualFolder="CMake Files\src\" />
      </Unit>
      <Unit filename="/home/fernando/catkin_ws/src/kautham/src/util/CMakeLists.txt">
          <Option virtualFolder="CMake Files\src\util\" />
      </Unit>
      <Unit filename="/home/fernando/catkin_ws/src/kautham/src/util/libkin/CMakeLists.txt">
          <Option virtualFolder="CMake Files\src\util\libkin\" />
      </Unit>
      <Unit filename="/home/fernando/catkin_ws/src/kautham/src/util/kthutil/CMakeLists.txt">
          <Option virtualFolder="CMake Files\src\util\kthutil\" />
      </Unit>
      <Unit filename="/home/fernando/catkin_ws/src/kautham/src/external/CMakeLists.txt">
          <Option virtualFolder="CMake Files\src\external\" />
      </Unit>
      <Unit filename="/home/fernando/catkin_ws/src/kautham/src/external/gdiam/CMakeLists.txt">
          <Option virtualFolder="CMake Files\src\external\gdiam\" />
      </Unit>
      <Unit filename="/home/fernando/catkin_ws/src/kautham/src/external/pqp/CMakeLists.txt">
          <Option virtualFolder="CMake Files\src\external\pqp\" />
      </Unit>
      <Unit filename="/home/fernando/catkin_ws/src/kautham/src/planner/CMakeLists.txt">
          <Option virtualFolder="CMake Files\src\planner\" />
      </Unit>
      <Unit filename="/home/fernando/catkin_ws/src/kautham/src/planner/ioc/CMakeLists.txt">
          <Option virtualFolder="CMake Files\src\planner\ioc\" />
      </Unit>
      <Unit filename="/home/fernando/catkin_ws/src/kautham/src/problem/CMakeLists.txt">
          <Option virtualFolder="CMake Files\src\problem\" />
      </Unit>
      <Unit filename="/home/fernando/catkin_ws/src/kautham/src/sampling/CMakeLists.txt">
          <Option virtualFolder="CMake Files\src\sampling\" />
      </Unit>
      <Unit filename="/home/fernando/catkin_ws/src/kautham/apps/CMakeLists.txt">
          <Option virtualFolder="CMake Files\apps\" />
      </Unit>
      <Unit filename="/home/fernando/catkin_ws/src/kautham/apps/viewer/CMakeLists.txt">
          <Option virtualFolder="CMake Files\apps\viewer\" />
      </Unit>
      <Unit filename="/home/fernando/catkin_ws/src/kautham/apps/viewer/kauthamRes.qrc">
          <Option virtualFolder="CMake Files\apps\viewer\" />
      </Unit>
      <Unit filename="/home/fernando/catkin_ws/src/kautham/apps/graphical/CMakeLists.txt">
          <Option virtualFolder="CMake Files\apps\graphical\" />
      </Unit>
      <Unit filename="/home/fernando/catkin_ws/src/kautham/apps/graphical/kauthamRes.qrc">
          <Option virtualFolder="CMake Files\apps\graphical\" />
      </Unit>
      <Unit filename="/home/fernando/catkin_ws/src/kautham/apps/bitransfer/CMakeLists.txt">
          <Option virtualFolder="CMake Files\apps\bitransfer\" />
      </Unit>
      <Unit filename="/home/fernando/catkin_ws/src/kautham/apps/console/CMakeLists.txt">
          <Option virtualFolder="CMake Files\apps\console\" />
      </Unit>
      <Unit filename="/home/fernando/catkin_ws/src/kautham/apps/ros/CMakeLists.txt">
          <Option virtualFolder="CMake Files\apps\ros\" />
      </Unit>
   </Project>
</CodeBlocks_project_file>
